// !$*UTF8*$!
{
	archiveVersion = 1;
	classes = {
	};
	objectVersion = 50;
	objects = {

/* Begin PBXBuildFile section */
		2798108A2242A26200348876 /* AppDelegate.swift in Sources */ = {isa = PBXBuildFile; fileRef = 279810892242A26200348876 /* AppDelegate.swift */; };
		2798108F2242A26200348876 /* Main.storyboard in Resources */ = {isa = PBXBuildFile; fileRef = 2798108D2242A26200348876 /* Main.storyboard */; };
		279810922242A26200348876 /* ColorPicker.xcdatamodeld in Sources */ = {isa = PBXBuildFile; fileRef = 279810902242A26200348876 /* ColorPicker.xcdatamodeld */; };
		279810942242A26300348876 /* Assets.xcassets in Resources */ = {isa = PBXBuildFile; fileRef = 279810932242A26300348876 /* Assets.xcassets */; };
		279810972242A26300348876 /* LaunchScreen.storyboard in Resources */ = {isa = PBXBuildFile; fileRef = 279810952242A26300348876 /* LaunchScreen.storyboard */; };
		279810A22242A26300348876 /* ColorPickerTests.swift in Sources */ = {isa = PBXBuildFile; fileRef = 279810A12242A26300348876 /* ColorPickerTests.swift */; };
		279810AD2242A26300348876 /* ColorPickerUITests.swift in Sources */ = {isa = PBXBuildFile; fileRef = 279810AC2242A26300348876 /* ColorPickerUITests.swift */; };
		279810BB2242A29400348876 /* ColorPickerViewController.swift in Sources */ = {isa = PBXBuildFile; fileRef = 279810BA2242A29400348876 /* ColorPickerViewController.swift */; };
/* End PBXBuildFile section */

/* Begin PBXContainerItemProxy section */
		2798109E2242A26300348876 /* PBXContainerItemProxy */ = {
			isa = PBXContainerItemProxy;
			containerPortal = 2798107E2242A26200348876 /* Project object */;
			proxyType = 1;
			remoteGlobalIDString = 279810852242A26200348876;
			remoteInfo = ColorPicker;
		};
		279810A92242A26300348876 /* PBXContainerItemProxy */ = {
			isa = PBXContainerItemProxy;
			containerPortal = 2798107E2242A26200348876 /* Project object */;
			proxyType = 1;
			remoteGlobalIDString = 279810852242A26200348876;
			remoteInfo = ColorPicker;
		};
/* End PBXContainerItemProxy section */

/* Begin PBXFileReference section */
		279810862242A26200348876 /* Colors_with_Navigation.app */ = {isa = PBXFileReference; explicitFileType = wrapper.application; includeInIndex = 0; path = Colors_with_Navigation.app; sourceTree = BUILT_PRODUCTS_DIR; };
		279810892242A26200348876 /* AppDelegate.swift */ = {isa = PBXFileReference; lastKnownFileType = sourcecode.swift; path = AppDelegate.swift; sourceTree = "<group>"; };
		2798108E2242A26200348876 /* Base */ = {isa = PBXFileReference; lastKnownFileType = file.storyboard; name = Base; path = Base.lproj/Main.storyboard; sourceTree = "<group>"; };
		279810912242A26200348876 /* ColorPicker.xcdatamodel */ = {isa = PBXFileReference; lastKnownFileType = wrapper.xcdatamodel; path = ColorPicker.xcdatamodel; sourceTree = "<group>"; };
		279810932242A26300348876 /* Assets.xcassets */ = {isa = PBXFileReference; lastKnownFileType = folder.assetcatalog; path = Assets.xcassets; sourceTree = "<group>"; };
		279810962242A26300348876 /* Base */ = {isa = PBXFileReference; lastKnownFileType = file.storyboard; name = Base; path = Base.lproj/LaunchScreen.storyboard; sourceTree = "<group>"; };
		279810982242A26300348876 /* Info.plist */ = {isa = PBXFileReference; lastKnownFileType = text.plist.xml; path = Info.plist; sourceTree = "<group>"; };
		2798109D2242A26300348876 /* Colors_with_NavigationTests.xctest */ = {isa = PBXFileReference; explicitFileType = wrapper.cfbundle; includeInIndex = 0; path = Colors_with_NavigationTests.xctest; sourceTree = BUILT_PRODUCTS_DIR; };
		279810A12242A26300348876 /* ColorPickerTests.swift */ = {isa = PBXFileReference; lastKnownFileType = sourcecode.swift; path = ColorPickerTests.swift; sourceTree = "<group>"; };
		279810A32242A26300348876 /* Info.plist */ = {isa = PBXFileReference; lastKnownFileType = text.plist.xml; path = Info.plist; sourceTree = "<group>"; };
		279810A82242A26300348876 /* Colors_with_NavigationUITests.xctest */ = {isa = PBXFileReference; explicitFileType = wrapper.cfbundle; includeInIndex = 0; path = Colors_with_NavigationUITests.xctest; sourceTree = BUILT_PRODUCTS_DIR; };
		279810AC2242A26300348876 /* ColorPickerUITests.swift */ = {isa = PBXFileReference; lastKnownFileType = sourcecode.swift; path = ColorPickerUITests.swift; sourceTree = "<group>"; };
		279810AE2242A26300348876 /* Info.plist */ = {isa = PBXFileReference; lastKnownFileType = text.plist.xml; path = Info.plist; sourceTree = "<group>"; };
		279810BA2242A29400348876 /* ColorPickerViewController.swift */ = {isa = PBXFileReference; lastKnownFileType = sourcecode.swift; path = ColorPickerViewController.swift; sourceTree = "<group>"; };
/* End PBXFileReference section */

/* Begin PBXFrameworksBuildPhase section */
		279810832242A26200348876 /* Frameworks */ = {
			isa = PBXFrameworksBuildPhase;
			buildActionMask = 2147483647;
			files = (
			);
			runOnlyForDeploymentPostprocessing = 0;
		};
		2798109A2242A26300348876 /* Frameworks */ = {
			isa = PBXFrameworksBuildPhase;
			buildActionMask = 2147483647;
			files = (
			);
			runOnlyForDeploymentPostprocessing = 0;
		};
		279810A52242A26300348876 /* Frameworks */ = {
			isa = PBXFrameworksBuildPhase;
			buildActionMask = 2147483647;
			files = (
			);
			runOnlyForDeploymentPostprocessing = 0;
		};
/* End PBXFrameworksBuildPhase section */

/* Begin PBXGroup section */
		2798107D2242A26200348876 = {
			isa = PBXGroup;
			children = (
				279810882242A26200348876 /* ColorPicker */,
				279810A02242A26300348876 /* ColorPickerTests */,
				279810AB2242A26300348876 /* ColorPickerUITests */,
				279810872242A26200348876 /* Products */,
			);
			sourceTree = "<group>";
		};
		279810872242A26200348876 /* Products */ = {
			isa = PBXGroup;
			children = (
				279810862242A26200348876 /* Colors_with_Navigation.app */,
				2798109D2242A26300348876 /* Colors_with_NavigationTests.xctest */,
				279810A82242A26300348876 /* Colors_with_NavigationUITests.xctest */,
			);
			name = Products;
			sourceTree = "<group>";
		};
		279810882242A26200348876 /* ColorPicker */ = {
			isa = PBXGroup;
			children = (
				279810892242A26200348876 /* AppDelegate.swift */,
				2798108D2242A26200348876 /* Main.storyboard */,
				279810932242A26300348876 /* Assets.xcassets */,
				279810952242A26300348876 /* LaunchScreen.storyboard */,
				279810982242A26300348876 /* Info.plist */,
				279810902242A26200348876 /* ColorPicker.xcdatamodeld */,
				279810BA2242A29400348876 /* ColorPickerViewController.swift */,
			);
			path = ColorPicker;
			sourceTree = "<group>";
		};
		279810A02242A26300348876 /* ColorPickerTests */ = {
			isa = PBXGroup;
			children = (
				279810A12242A26300348876 /* ColorPickerTests.swift */,
				279810A32242A26300348876 /* Info.plist */,
			);
			path = ColorPickerTests;
			sourceTree = "<group>";
		};
		279810AB2242A26300348876 /* ColorPickerUITests */ = {
			isa = PBXGroup;
			children = (
				279810AC2242A26300348876 /* ColorPickerUITests.swift */,
				279810AE2242A26300348876 /* Info.plist */,
			);
			path = ColorPickerUITests;
			sourceTree = "<group>";
		};
/* End PBXGroup section */

/* Begin PBXNativeTarget section */
		279810852242A26200348876 /* Colors_with_Navigation */ = {
			isa = PBXNativeTarget;
			buildConfigurationList = 279810B12242A26300348876 /* Build configuration list for PBXNativeTarget "Colors_with_Navigation" */;
			buildPhases = (
				279810822242A26200348876 /* Sources */,
				279810832242A26200348876 /* Frameworks */,
				279810842242A26200348876 /* Resources */,
			);
			buildRules = (
			);
			dependencies = (
			);
			name = Colors_with_Navigation;
			productName = ColorPicker;
			productReference = 279810862242A26200348876 /* Colors_with_Navigation.app */;
			productType = "com.apple.product-type.application";
		};
		2798109C2242A26300348876 /* Colors_with_NavigationTests */ = {
			isa = PBXNativeTarget;
			buildConfigurationList = 279810B42242A26300348876 /* Build configuration list for PBXNativeTarget "Colors_with_NavigationTests" */;
			buildPhases = (
				279810992242A26300348876 /* Sources */,
				2798109A2242A26300348876 /* Frameworks */,
				2798109B2242A26300348876 /* Resources */,
			);
			buildRules = (
			);
			dependencies = (
				2798109F2242A26300348876 /* PBXTargetDependency */,
			);
			name = Colors_with_NavigationTests;
			productName = ColorPickerTests;
			productReference = 2798109D2242A26300348876 /* Colors_with_NavigationTests.xctest */;
			productType = "com.apple.product-type.bundle.unit-test";
		};
		279810A72242A26300348876 /* Colors_with_NavigationUITests */ = {
			isa = PBXNativeTarget;
			buildConfigurationList = 279810B72242A26300348876 /* Build configuration list for PBXNativeTarget "Colors_with_NavigationUITests" */;
			buildPhases = (
				279810A42242A26300348876 /* Sources */,
				279810A52242A26300348876 /* Frameworks */,
				279810A62242A26300348876 /* Resources */,
			);
			buildRules = (
			);
			dependencies = (
				279810AA2242A26300348876 /* PBXTargetDependency */,
			);
			name = Colors_with_NavigationUITests;
			productName = ColorPickerUITests;
			productReference = 279810A82242A26300348876 /* Colors_with_NavigationUITests.xctest */;
			productType = "com.apple.product-type.bundle.ui-testing";
		};
/* End PBXNativeTarget section */

/* Begin PBXProject section */
		2798107E2242A26200348876 /* Project object */ = {
			isa = PBXProject;
			attributes = {
				LastSwiftUpdateCheck = 1010;
				LastUpgradeCheck = 1010;
				ORGANIZATIONNAME = "Danae N Nash";
				TargetAttributes = {
					279810852242A26200348876 = {
						CreatedOnToolsVersion = 10.1;
						LastSwiftMigration = 1020;
					};
					2798109C2242A26300348876 = {
						CreatedOnToolsVersion = 10.1;
						LastSwiftMigration = 1020;
						TestTargetID = 279810852242A26200348876;
					};
					279810A72242A26300348876 = {
						CreatedOnToolsVersion = 10.1;
						LastSwiftMigration = 1020;
						TestTargetID = 279810852242A26200348876;
					};
				};
			};
			buildConfigurationList = 279810812242A26200348876 /* Build configuration list for PBXProject "Colors_with_Navigation" */;
			compatibilityVersion = "Xcode 9.3";
			developmentRegion = en;
			hasScannedForEncodings = 0;
			knownRegions = (
				en,
				Base,
			);
			mainGroup = 2798107D2242A26200348876;
			productRefGroup = 279810872242A26200348876 /* Products */;
			projectDirPath = "";
			projectRoot = "";
			targets = (
				279810852242A26200348876 /* Colors_with_Navigation */,
				2798109C2242A26300348876 /* Colors_with_NavigationTests */,
				279810A72242A26300348876 /* Colors_with_NavigationUITests */,
			);
		};
/* End PBXProject section */

/* Begin PBXResourcesBuildPhase section */
		279810842242A26200348876 /* Resources */ = {
			isa = PBXResourcesBuildPhase;
			buildActionMask = 2147483647;
			files = (
				279810972242A26300348876 /* LaunchScreen.storyboard in Resources */,
				279810942242A26300348876 /* Assets.xcassets in Resources */,
				2798108F2242A26200348876 /* Main.storyboard in Resources */,
			);
			runOnlyForDeploymentPostprocessing = 0;
		};
		2798109B2242A26300348876 /* Resources */ = {
			isa = PBXResourcesBuildPhase;
			buildActionMask = 2147483647;
			files = (
			);
			runOnlyForDeploymentPostprocessing = 0;
		};
		279810A62242A26300348876 /* Resources */ = {
			isa = PBXResourcesBuildPhase;
			buildActionMask = 2147483647;
			files = (
			);
			runOnlyForDeploymentPostprocessing = 0;
		};
/* End PBXResourcesBuildPhase section */

/* Begin PBXSourcesBuildPhase section */
		279810822242A26200348876 /* Sources */ = {
			isa = PBXSourcesBuildPhase;
			buildActionMask = 2147483647;
			files = (
				279810922242A26200348876 /* ColorPicker.xcdatamodeld in Sources */,
				279810BB2242A29400348876 /* ColorPickerViewController.swift in Sources */,
				2798108A2242A26200348876 /* AppDelegate.swift in Sources */,
			);
			runOnlyForDeploymentPostprocessing = 0;
		};
		279810992242A26300348876 /* Sources */ = {
			isa = PBXSourcesBuildPhase;
			buildActionMask = 2147483647;
			files = (
				279810A22242A26300348876 /* ColorPickerTests.swift in Sources */,
			);
			runOnlyForDeploymentPostprocessing = 0;
		};
		279810A42242A26300348876 /* Sources */ = {
			isa = PBXSourcesBuildPhase;
			buildActionMask = 2147483647;
			files = (
				279810AD2242A26300348876 /* ColorPickerUITests.swift in Sources */,
			);
			runOnlyForDeploymentPostprocessing = 0;
		};
/* End PBXSourcesBuildPhase section */

/* Begin PBXTargetDependency section */
		2798109F2242A26300348876 /* PBXTargetDependency */ = {
			isa = PBXTargetDependency;
			target = 279810852242A26200348876 /* Colors_with_Navigation */;
			targetProxy = 2798109E2242A26300348876 /* PBXContainerItemProxy */;
		};
		279810AA2242A26300348876 /* PBXTargetDependency */ = {
			isa = PBXTargetDependency;
			target = 279810852242A26200348876 /* Colors_with_Navigation */;
			targetProxy = 279810A92242A26300348876 /* PBXContainerItemProxy */;
		};
/* End PBXTargetDependency section */

/* Begin PBXVariantGroup section */
		2798108D2242A26200348876 /* Main.storyboard */ = {
			isa = PBXVariantGroup;
			children = (
				2798108E2242A26200348876 /* Base */,
			);
			name = Main.storyboard;
			sourceTree = "<group>";
		};
		279810952242A26300348876 /* LaunchScreen.storyboard */ = {
			isa = PBXVariantGroup;
			children = (
				279810962242A26300348876 /* Base */,
			);
			name = LaunchScreen.storyboard;
			sourceTree = "<group>";
		};
/* End PBXVariantGroup section */

/* Begin XCBuildConfiguration section */
		279810AF2242A26300348876 /* Debug */ = {
			isa = XCBuildConfiguration;
			buildSettings = {
				ALWAYS_SEARCH_USER_PATHS = NO;
				CLANG_ANALYZER_NONNULL = YES;
				CLANG_ANALYZER_NUMBER_OBJECT_CONVERSION = YES_AGGRESSIVE;
				CLANG_CXX_LANGUAGE_STANDARD = "gnu++14";
				CLANG_CXX_LIBRARY = "libc++";
				CLANG_ENABLE_MODULES = YES;
				CLANG_ENABLE_OBJC_ARC = YES;
				CLANG_ENABLE_OBJC_WEAK = YES;
				CLANG_WARN_BLOCK_CAPTURE_AUTORELEASING = YES;
				CLANG_WARN_BOOL_CONVERSION = YES;
				CLANG_WARN_COMMA = YES;
				CLANG_WARN_CONSTANT_CONVERSION = YES;
				CLANG_WARN_DEPRECATED_OBJC_IMPLEMENTATIONS = YES;
				CLANG_WARN_DIRECT_OBJC_ISA_USAGE = YES_ERROR;
				CLANG_WARN_DOCUMENTATION_COMMENTS = YES;
				CLANG_WARN_EMPTY_BODY = YES;
				CLANG_WARN_ENUM_CONVERSION = YES;
				CLANG_WARN_INFINITE_RECURSION = YES;
				CLANG_WARN_INT_CONVERSION = YES;
				CLANG_WARN_NON_LITERAL_NULL_CONVERSION = YES;
				CLANG_WARN_OBJC_IMPLICIT_RETAIN_SELF = YES;
				CLANG_WARN_OBJC_LITERAL_CONVERSION = YES;
				CLANG_WARN_OBJC_ROOT_CLASS = YES_ERROR;
				CLANG_WARN_RANGE_LOOP_ANALYSIS = YES;
				CLANG_WARN_STRICT_PROTOTYPES = YES;
				CLANG_WARN_SUSPICIOUS_MOVE = YES;
				CLANG_WARN_UNGUARDED_AVAILABILITY = YES_AGGRESSIVE;
				CLANG_WARN_UNREACHABLE_CODE = YES;
				CLANG_WARN__DUPLICATE_METHOD_MATCH = YES;
				CODE_SIGN_IDENTITY = "iPhone Developer";
				COPY_PHASE_STRIP = NO;
				DEBUG_INFORMATION_FORMAT = dwarf;
				ENABLE_STRICT_OBJC_MSGSEND = YES;
				ENABLE_TESTABILITY = YES;
				GCC_C_LANGUAGE_STANDARD = gnu11;
				GCC_DYNAMIC_NO_PIC = NO;
				GCC_NO_COMMON_BLOCKS = YES;
				GCC_OPTIMIZATION_LEVEL = 0;
				GCC_PREPROCESSOR_DEFINITIONS = (
					"DEBUG=1",
					"$(inherited)",
				);
				GCC_WARN_64_TO_32_BIT_CONVERSION = YES;
				GCC_WARN_ABOUT_RETURN_TYPE = YES_ERROR;
				GCC_WARN_UNDECLARED_SELECTOR = YES;
				GCC_WARN_UNINITIALIZED_AUTOS = YES_AGGRESSIVE;
				GCC_WARN_UNUSED_FUNCTION = YES;
				GCC_WARN_UNUSED_VARIABLE = YES;
				IPHONEOS_DEPLOYMENT_TARGET = 12.1;
				MTL_ENABLE_DEBUG_INFO = INCLUDE_SOURCE;
				MTL_FAST_MATH = YES;
				ONLY_ACTIVE_ARCH = YES;
				SDKROOT = iphoneos;
				SWIFT_ACTIVE_COMPILATION_CONDITIONS = DEBUG;
				SWIFT_OPTIMIZATION_LEVEL = "-Onone";
			};
			name = Debug;
		};
		279810B02242A26300348876 /* Release */ = {
			isa = XCBuildConfiguration;
			buildSettings = {
				ALWAYS_SEARCH_USER_PATHS = NO;
				CLANG_ANALYZER_NONNULL = YES;
				CLANG_ANALYZER_NUMBER_OBJECT_CONVERSION = YES_AGGRESSIVE;
				CLANG_CXX_LANGUAGE_STANDARD = "gnu++14";
				CLANG_CXX_LIBRARY = "libc++";
				CLANG_ENABLE_MODULES = YES;
				CLANG_ENABLE_OBJC_ARC = YES;
				CLANG_ENABLE_OBJC_WEAK = YES;
				CLANG_WARN_BLOCK_CAPTURE_AUTORELEASING = YES;
				CLANG_WARN_BOOL_CONVERSION = YES;
				CLANG_WARN_COMMA = YES;
				CLANG_WARN_CONSTANT_CONVERSION = YES;
				CLANG_WARN_DEPRECATED_OBJC_IMPLEMENTATIONS = YES;
				CLANG_WARN_DIRECT_OBJC_ISA_USAGE = YES_ERROR;
				CLANG_WARN_DOCUMENTATION_COMMENTS = YES;
				CLANG_WARN_EMPTY_BODY = YES;
				CLANG_WARN_ENUM_CONVERSION = YES;
				CLANG_WARN_INFINITE_RECURSION = YES;
				CLANG_WARN_INT_CONVERSION = YES;
				CLANG_WARN_NON_LITERAL_NULL_CONVERSION = YES;
				CLANG_WARN_OBJC_IMPLICIT_RETAIN_SELF = YES;
				CLANG_WARN_OBJC_LITERAL_CONVERSION = YES;
				CLANG_WARN_OBJC_ROOT_CLASS = YES_ERROR;
				CLANG_WARN_RANGE_LOOP_ANALYSIS = YES;
				CLANG_WARN_STRICT_PROTOTYPES = YES;
				CLANG_WARN_SUSPICIOUS_MOVE = YES;
				CLANG_WARN_UNGUARDED_AVAILABILITY = YES_AGGRESSIVE;
				CLANG_WARN_UNREACHABLE_CODE = YES;
				CLANG_WARN__DUPLICATE_METHOD_MATCH = YES;
				CODE_SIGN_IDENTITY = "iPhone Developer";
				COPY_PHASE_STRIP = NO;
				DEBUG_INFORMATION_FORMAT = "dwarf-with-dsym";
				ENABLE_NS_ASSERTIONS = NO;
				ENABLE_STRICT_OBJC_MSGSEND = YES;
				GCC_C_LANGUAGE_STANDARD = gnu11;
				GCC_NO_COMMON_BLOCKS = YES;
				GCC_WARN_64_TO_32_BIT_CONVERSION = YES;
				GCC_WARN_ABOUT_RETURN_TYPE = YES_ERROR;
				GCC_WARN_UNDECLARED_SELECTOR = YES;
				GCC_WARN_UNINITIALIZED_AUTOS = YES_AGGRESSIVE;
				GCC_WARN_UNUSED_FUNCTION = YES;
				GCC_WARN_UNUSED_VARIABLE = YES;
				IPHONEOS_DEPLOYMENT_TARGET = 12.1;
				MTL_ENABLE_DEBUG_INFO = NO;
				MTL_FAST_MATH = YES;
				SDKROOT = iphoneos;
				SWIFT_COMPILATION_MODE = wholemodule;
				SWIFT_OPTIMIZATION_LEVEL = "-O";
				VALIDATE_PRODUCT = YES;
			};
			name = Release;
		};
		279810B22242A26300348876 /* Debug */ = {
			isa = XCBuildConfiguration;
			buildSettings = {
				ASSETCATALOG_COMPILER_APPICON_NAME = AppIcon;
				CODE_SIGN_STYLE = Automatic;
				DEVELOPMENT_TEAM = 258X759J92;
				INFOPLIST_FILE = ColorPicker/Info.plist;
				LD_RUNPATH_SEARCH_PATHS = (
					"$(inherited)",
					"@executable_path/Frameworks",
				);
				PRODUCT_BUNDLE_IDENTIFIER = "Danae-N-Nash.ColorPicker";
				PRODUCT_NAME = "$(TARGET_NAME)";
				SWIFT_VERSION = 5.0;
				TARGETED_DEVICE_FAMILY = "1,2";
			};
			name = Debug;
		};
		279810B32242A26300348876 /* Release */ = {
			isa = XCBuildConfiguration;
			buildSettings = {
				ASSETCATALOG_COMPILER_APPICON_NAME = AppIcon;
				CODE_SIGN_STYLE = Automatic;
				DEVELOPMENT_TEAM = 258X759J92;
				INFOPLIST_FILE = ColorPicker/Info.plist;
				LD_RUNPATH_SEARCH_PATHS = (
					"$(inherited)",
					"@executable_path/Frameworks",
				);
				PRODUCT_BUNDLE_IDENTIFIER = "Danae-N-Nash.ColorPicker";
				PRODUCT_NAME = "$(TARGET_NAME)";
				SWIFT_VERSION = 5.0;
				TARGETED_DEVICE_FAMILY = "1,2";
			};
			name = Release;
		};
		279810B52242A26300348876 /* Debug */ = {
			isa = XCBuildConfiguration;
			buildSettings = {
				ALWAYS_EMBED_SWIFT_STANDARD_LIBRARIES = YES;
				BUNDLE_LOADER = "$(TEST_HOST)";
				CODE_SIGN_STYLE = Automatic;
				DEVELOPMENT_TEAM = 28C4HPVNWU;
				INFOPLIST_FILE = ColorPickerTests/Info.plist;
				LD_RUNPATH_SEARCH_PATHS = (
					"$(inherited)",
					"@executable_path/Frameworks",
					"@loader_path/Frameworks",
				);
				PRODUCT_BUNDLE_IDENTIFIER = "Zach-Swartz.ColorPickerTests";
				PRODUCT_NAME = "$(TARGET_NAME)";
				SWIFT_VERSION = 5.0;
				TARGETED_DEVICE_FAMILY = "1,2";
				TEST_HOST = "$(BUILT_PRODUCTS_DIR)/Colors_with_Navigation.app/Colors_with_Navigation";
			};
			name = Debug;
		};
		279810B62242A26300348876 /* Release */ = {
			isa = XCBuildConfiguration;
			buildSettings = {
				ALWAYS_EMBED_SWIFT_STANDARD_LIBRARIES = YES;
				BUNDLE_LOADER = "$(TEST_HOST)";
				CODE_SIGN_STYLE = Automatic;
				DEVELOPMENT_TEAM = 28C4HPVNWU;
				INFOPLIST_FILE = ColorPickerTests/Info.plist;
				LD_RUNPATH_SEARCH_PATHS = (
					"$(inherited)",
					"@executable_path/Frameworks",
					"@loader_path/Frameworks",
				);
				PRODUCT_BUNDLE_IDENTIFIER = "Zach-Swartz.ColorPickerTests";
				PRODUCT_NAME = "$(TARGET_NAME)";
				SWIFT_VERSION = 5.0;
				TARGETED_DEVICE_FAMILY = "1,2";
				TEST_HOST = "$(BUILT_PRODUCTS_DIR)/Colors_with_Navigation.app/Colors_with_Navigation";
			};
			name = Release;
		};
		279810B82242A26300348876 /* Debug */ = {
			isa = XCBuildConfiguration;
			buildSettings = {
				ALWAYS_EMBED_SWIFT_STANDARD_LIBRARIES = YES;
				CODE_SIGN_STYLE = Automatic;
				DEVELOPMENT_TEAM = 28C4HPVNWU;
				INFOPLIST_FILE = ColorPickerUITests/Info.plist;
				LD_RUNPATH_SEARCH_PATHS = (
					"$(inherited)",
					"@executable_path/Frameworks",
					"@loader_path/Frameworks",
				);
				PRODUCT_BUNDLE_IDENTIFIER = "Zach-Swartz.ColorPickerUITests";
				PRODUCT_NAME = "$(TARGET_NAME)";
				SWIFT_VERSION = 5.0;
				TARGETED_DEVICE_FAMILY = "1,2";
				TEST_TARGET_NAME = ColorPicker;
			};
			name = Debug;
		};
		279810B92242A26300348876 /* Release */ = {
			isa = XCBuildConfiguration;
			buildSettings = {
				ALWAYS_EMBED_SWIFT_STANDARD_LIBRARIES = YES;
				CODE_SIGN_STYLE = Automatic;
				DEVELOPMENT_TEAM = 28C4HPVNWU;
				INFOPLIST_FILE = ColorPickerUITests/Info.plist;
				LD_RUNPATH_SEARCH_PATHS = (
					"$(inherited)",
					"@executable_path/Frameworks",
					"@loader_path/Frameworks",
				);
				PRODUCT_BUNDLE_IDENTIFIER = "Zach-Swartz.ColorPickerUITests";
				PRODUCT_NAME = "$(TARGET_NAME)";
				SWIFT_VERSION = 5.0;
				TARGETED_DEVICE_FAMILY = "1,2";
				TEST_TARGET_NAME = ColorPicker;
			};
			name = Release;
		};
/* End XCBuildConfiguration section */

/* Begin XCConfigurationList section */
		279810812242A26200348876 /* Build configuration list for PBXProject "Colors_with_Navigation" */ = {
			isa = XCConfigurationList;
			buildConfigurations = (
				279810AF2242A26300348876 /* Debug */,
				279810B02242A26300348876 /* Release */,
			);
			defaultConfigurationIsVisible = 0;
			defaultConfigurationName = Release;
		};
		279810B12242A26300348876 /* Build configuration list for PBXNativeTarget "Colors_with_Navigation" */ = {
			isa = XCConfigurationList;
			buildConfigurations = (
				279810B22242A26300348876 /* Debug */,
				279810B32242A26300348876 /* Release */,
			);
			defaultConfigurationIsVisible = 0;
			defaultConfigurationName = Release;
		};
		279810B42242A26300348876 /* Build configuration list for PBXNativeTarget "Colors_with_NavigationTests" */ = {
			isa = XCConfigurationList;
			buildConfigurations = (
				279810B52242A26300348876 /* Debug */,
				279810B62242A26300348876 /* Release */,
			);
			defaultConfigurationIsVisible = 0;
			defaultConfigurationName = Release;
		};
		279810B72242A26300348876 /* Build configuration list for PBXNativeTarget "Colors_with_NavigationUITests" */ = {
			isa = XCConfigurationList;
			buildConfigurations = (
				279810B82242A26300348876 /* Debug */,
				279810B92242A26300348876 /* Release */,
			);
			defaultConfigurationIsVisible = 0;
			defaultConfigurationName = Release;
		};
/* End XCConfigurationList section */

/* Begin XCVersionGroup section */
		279810902242A26200348876 /* ColorPicker.xcdatamodeld */ = {
			isa = XCVersionGroup;
			children = (
				279810912242A26200348876 /* ColorPicker.xcdatamodel */,
			);
			currentVersion = 279810912242A26200348876 /* ColorPicker.xcdatamodel */;
			path = ColorPicker.xcdatamodeld;
			sourceTree = "<group>";
			versionGroupType = wrapper.xcdatamodel;
		};
/* End XCVersionGroup section */
	};
	rootObject = 2798107E2242A26200348876 /* Project object */;
}
